{
  "pins" : [
    {
      "identity" : "googlemaps-sp",
      "kind" : "remoteSourceControl",
      "location" : "https://github.com/YAtechnologies/GoogleMaps-SP.git",
      "state" : {
        "revision" : "684ea6db362feaefdfcff89356e446bec8bcde3d",
        "version" : "7.2.0"
      }
    }
  ],
  "version" : 2
}
